{"version":4,"terraform_version":"1.10.6","serial":1,"lineage":"e4982830-cb5c-a622-f77d-07588e938d27","outputs":{},"resources":[{"mode":"managed","type":"proxmox_virtual_environment_container","name":"ubuntu_container","provider":"provider[\"registry.opentofu.org/bpg/proxmox\"]","instances":[{"schema_version":0,"attributes":{"clone":[],"console":[],"cpu":[{"architecture":"amd64","cores":1,"units":1024}],"description":"Managed by Terraform\n","device_passthrough":[],"disk":[{"acl":false,"datastore_id":"local-lvm","mount_options":null,"quota":false,"replicate":false,"size":8}],"features":[{"fuse":false,"keyctl":false,"mount":null,"nesting":true}],"hook_script_file_id":null,"id":"202","initialization":[{"dns":[{"domain":"","server":"","servers":["10.14.0.1"]}],"hostname":"speschke","ip_config":[{"ipv4":[{"address":"10.14.3.202/16","gateway":"10.14.0.1"}],"ipv6":[]}],"user_account":[{"keys":null,"password":"12345678"}]}],"ipv4":{"eth0":"10.14.3.202"},"ipv6":{"eth0":"fe80::be24:11ff:febc:b09a"},"memory":[{"dedicated":512,"swap":512}],"mount_point":[],"network_interface":[{"bridge":"vmbr0","enabled":true,"firewall":false,"mac_address":"BC:24:11:BC:B0:9A","mtu":0,"name":"eth0","rate_limit":0,"vlan_id":14}],"node_name":"blade3","operating_system":[{"template_file_id":"local:vztmpl/speschke-ubuntu-2504-lxc-img.tar.zst","type":"ubuntu"}],"pool_id":null,"protection":false,"start_on_boot":true,"started":true,"startup":[],"tags":null,"template":false,"timeout_clone":1800,"timeout_create":1800,"timeout_delete":60,"timeout_start":300,"timeout_update":1800,"unprivileged":true,"vm_id":202},"sensitive_attributes":[[{"type":"get_attr","value":"initialization"},{"type":"index","value":{"value":0,"type":"number"}},{"type":"get_attr","value":"user_account"},{"type":"index","value":{"value":0,"type":"number"}},{"type":"get_attr","value":"password"}]],"private":"bnVsbA==","dependencies":["proxmox_virtual_environment_download_file.ubuntu_2504_lxc_img"]}]},{"mode":"managed","type":"proxmox_virtual_environment_download_file","name":"ubuntu_2504_lxc_img","provider":"provider[\"registry.opentofu.org/bpg/proxmox\"]","instances":[{"schema_version":0,"attributes":{"checksum":null,"checksum_algorithm":null,"content_type":"vztmpl","datastore_id":"local","decompression_algorithm":null,"file_name":"speschke-ubuntu-2504-lxc-img.tar.zst","id":"local:vztmpl/speschke-ubuntu-2504-lxc-img.tar.zst","node_name":"blade3","overwrite":true,"overwrite_unmanaged":false,"size":149046471,"upload_timeout":600,"url":"http://download.proxmox.com/images/system/ubuntu-25.04-standard_25.04-1.1_amd64.tar.zst","verify":true},"sensitive_attributes":[]}]}],"check_results":null}
